
Microsoft Visual Studio Solution File, Format Version 12.00
# Visual Studio 14
VisualStudioVersion = 14.0.25420.1
MinimumVisualStudioVersion = 10.0.40219.1
Project("{FAE04EC0-301F-11D3-BF4B-00C04F79EFBC}") = "Generico.EF", "Generico.EF\Generico.EF.csproj", "{EF11D36C-B282-492F-ADA3-4D0961F2C7EE}"
EndProject
Project("{FAE04EC0-301F-11D3-BF4B-00C04F79EFBC}") = "Generico.EFConsole", "Generico.EFConsole\Generico.EFConsole.csproj", "{9E100EE1-44F6-456F-8FCC-1EED0E412AAF}"
EndProject
Global
	GlobalSection(SolutionConfigurationPlatforms) = preSolution
		Debug|Any CPU = Debug|Any CPU
		Release|Any CPU = Release|Any CPU
	EndGlobalSection
	GlobalSection(ProjectConfigurationPlatforms) = postSolution
		{EF11D36C-B282-492F-ADA3-4D0961F2C7EE}.Debug|Any CPU.ActiveCfg = Debug|Any CPU
		{EF11D36C-B282-492F-ADA3-4D0961F2C7EE}.Debug|Any CPU.Build.0 = Debug|Any CPU
		{EF11D36C-B282-492F-ADA3-4D0961F2C7EE}.Release|Any CPU.ActiveCfg = Release|Any CPU
		{EF11D36C-B282-492F-ADA3-4D0961F2C7EE}.Release|Any CPU.Build.0 = Release|Any CPU
		{9E100EE1-44F6-456F-8FCC-1EED0E412AAF}.Debug|Any CPU.ActiveCfg = Debug|Any CPU
		{9E100EE1-44F6-456F-8FCC-1EED0E412AAF}.Debug|Any CPU.Build.0 = Debug|Any CPU
		{9E100EE1-44F6-456F-8FCC-1EED0E412AAF}.Release|Any CPU.ActiveCfg = Release|Any CPU
		{9E100EE1-44F6-456F-8FCC-1EED0E412AAF}.Release|Any CPU.Build.0 = Release|Any CPU
	EndGlobalSection
	GlobalSection(SolutionProperties) = preSolution
		HideSolutionNode = FALSE
	EndGlobalSection
EndGlobal
